// !$*UTF8*$!
{
	archiveVersion = 1;
	classes = {
	};
	objectVersion = 46;
	objects = {

/* Begin PBXBuildFile section */
		651310C91D60F0C700A476AF /* YouTubeCell.swift in Sources */ = {isa = PBXBuildFile; fileRef = 651310C81D60F0C700A476AF /* YouTubeCell.swift */; };
		65557B5E1D5747B8002F98F9 /* Default-568h@2x.png in Resources */ = {isa = PBXBuildFile; fileRef = 65557B5D1D5747B8002F98F9 /* Default-568h@2x.png */; };
		655826701D60373800ED3AD8 /* SwiftyJSON.swift in Sources */ = {isa = PBXBuildFile; fileRef = 65E7C9241D57467700BBFFBD /* SwiftyJSON.swift */; };
		655CB7961D5740F9005E0B78 /* Assets.xcassets in Resources */ = {isa = PBXBuildFile; fileRef = 655CB7951D5740F9005E0B78 /* Assets.xcassets */; };
		655CB7A41D5740F9005E0B78 /* SongDemonTests.swift in Sources */ = {isa = PBXBuildFile; fileRef = 655CB7A31D5740F9005E0B78 /* SongDemonTests.swift */; };
		655CB7AF1D5740F9005E0B78 /* SongDemonUITests.swift in Sources */ = {isa = PBXBuildFile; fileRef = 655CB7AE1D5740F9005E0B78 /* SongDemonUITests.swift */; };
		6598C5FD1D5EC12E00042FE6 /* Messages.framework in Frameworks */ = {isa = PBXBuildFile; fileRef = 6598C5FC1D5EC12E00042FE6 /* Messages.framework */; };
		6598C6001D5EC12E00042FE6 /* MessagesViewController.swift in Sources */ = {isa = PBXBuildFile; fileRef = 6598C5FF1D5EC12E00042FE6 /* MessagesViewController.swift */; };
		6598C6031D5EC12E00042FE6 /* MainInterface.storyboard in Resources */ = {isa = PBXBuildFile; fileRef = 6598C6011D5EC12E00042FE6 /* MainInterface.storyboard */; };
		6598C6051D5EC12E00042FE6 /* Assets.xcassets in Resources */ = {isa = PBXBuildFile; fileRef = 6598C6041D5EC12E00042FE6 /* Assets.xcassets */; };
		6598C6091D5EC12E00042FE6 /* SongDemonChat.appex in Embed App Extensions */ = {isa = PBXBuildFile; fileRef = 6598C5FB1D5EC12E00042FE6 /* SongDemonChat.appex */; settings = {ATTRIBUTES = (RemoveHeadersOnCopy, ); }; };
		6598C60F1D5EC2A800042FE6 /* Utils.swift in Sources */ = {isa = PBXBuildFile; fileRef = 65E7C96A1D57467700BBFFBD /* Utils.swift */; };
		65CC2D861D5F674800C0E3A8 /* VideoLibrary.swift in Sources */ = {isa = PBXBuildFile; fileRef = 65CC2D851D5F674800C0E3A8 /* VideoLibrary.swift */; };
		65CC2D881D5F675400C0E3A8 /* Video.swift in Sources */ = {isa = PBXBuildFile; fileRef = 65CC2D871D5F675400C0E3A8 /* Video.swift */; };
		65E7C96F1D57467700BBFFBD /* AppDelegate.swift in Sources */ = {isa = PBXBuildFile; fileRef = 65E7C9191D57467700BBFFBD /* AppDelegate.swift */; };
		65E7C9711D57467700BBFFBD /* LaunchScreen.storyboard in Resources */ = {isa = PBXBuildFile; fileRef = 65E7C91C1D57467700BBFFBD /* LaunchScreen.storyboard */; };
		65E7C9721D57467700BBFFBD /* Main.storyboard in Resources */ = {isa = PBXBuildFile; fileRef = 65E7C91E1D57467700BBFFBD /* Main.storyboard */; };
		65E7C9731D57467700BBFFBD /* Constants.swift in Sources */ = {isa = PBXBuildFile; fileRef = 65E7C9201D57467700BBFFBD /* Constants.swift */; };
		65E7C9741D57467700BBFFBD /* Extensions.swift in Sources */ = {isa = PBXBuildFile; fileRef = 65E7C9211D57467700BBFFBD /* Extensions.swift */; };
		65E7C9751D57467700BBFFBD /* Async.swift in Sources */ = {isa = PBXBuildFile; fileRef = 65E7C9231D57467700BBFFBD /* Async.swift */; };
		65E7C9761D57467700BBFFBD /* SwiftyJSON.swift in Sources */ = {isa = PBXBuildFile; fileRef = 65E7C9241D57467700BBFFBD /* SwiftyJSON.swift */; };
		65E7C9771D57467700BBFFBD /* FileManager.swift in Sources */ = {isa = PBXBuildFile; fileRef = 65E7C9251D57467700BBFFBD /* FileManager.swift */; };
		65E7C9781D57467700BBFFBD /* ITunesUtils.swift in Sources */ = {isa = PBXBuildFile; fileRef = 65E7C9261D57467700BBFFBD /* ITunesUtils.swift */; };
		65E7C9791D57467700BBFFBD /* LibraryManager.swift in Sources */ = {isa = PBXBuildFile; fileRef = 65E7C9271D57467700BBFFBD /* LibraryManager.swift */; };
		65E7C97A1D57467700BBFFBD /* Lyrics.swift in Sources */ = {isa = PBXBuildFile; fileRef = 65E7C9281D57467700BBFFBD /* Lyrics.swift */; };
		65E7C97B1D57467700BBFFBD /* LyricsController.swift in Sources */ = {isa = PBXBuildFile; fileRef = 65E7C9291D57467700BBFFBD /* LyricsController.swift */; };
		65E7C97C1D57467700BBFFBD /* MainController.swift in Sources */ = {isa = PBXBuildFile; fileRef = 65E7C92A1D57467700BBFFBD /* MainController.swift */; };
		65E7C97D1D57467700BBFFBD /* MusicPlayer.swift in Sources */ = {isa = PBXBuildFile; fileRef = 65E7C92B1D57467700BBFFBD /* MusicPlayer.swift */; };
		65E7C97E1D57467700BBFFBD /* PlaylistAlbumSongCell.swift in Sources */ = {isa = PBXBuildFile; fileRef = 65E7C92C1D57467700BBFFBD /* PlaylistAlbumSongCell.swift */; };
		65E7C97F1D57467700BBFFBD /* PlaylistAlbumTitleCell.swift in Sources */ = {isa = PBXBuildFile; fileRef = 65E7C92D1D57467700BBFFBD /* PlaylistAlbumTitleCell.swift */; };
		65E7C9801D57467700BBFFBD /* PlaylistCell.swift in Sources */ = {isa = PBXBuildFile; fileRef = 65E7C92E1D57467700BBFFBD /* PlaylistCell.swift */; };
		65E7C9811D57467700BBFFBD /* PlaylistController.swift in Sources */ = {isa = PBXBuildFile; fileRef = 65E7C92F1D57467700BBFFBD /* PlaylistController.swift */; };
		65E7C9831D57467700BBFFBD /* Protocols.swift in Sources */ = {isa = PBXBuildFile; fileRef = 65E7C9311D57467700BBFFBD /* Protocols.swift */; };
		65E7C9841D57467700BBFFBD /* 1176-bulleted-list.png in Resources */ = {isa = PBXBuildFile; fileRef = 65E7C9331D57467700BBFFBD /* 1176-bulleted-list.png */; };
		65E7C9851D57467700BBFFBD /* 1176-bulleted-list@2x.png in Resources */ = {isa = PBXBuildFile; fileRef = 65E7C9341D57467700BBFFBD /* 1176-bulleted-list@2x.png */; };
		65E7C9861D57467700BBFFBD /* 1176-bulleted-list@3x.png in Resources */ = {isa = PBXBuildFile; fileRef = 65E7C9351D57467700BBFFBD /* 1176-bulleted-list@3x.png */; };
		65E7C9871D57467700BBFFBD /* 702-share.png in Resources */ = {isa = PBXBuildFile; fileRef = 65E7C9361D57467700BBFFBD /* 702-share.png */; };
		65E7C9881D57467700BBFFBD /* 702-share@2x.png in Resources */ = {isa = PBXBuildFile; fileRef = 65E7C9371D57467700BBFFBD /* 702-share@2x.png */; };
		65E7C9891D57467700BBFFBD /* 702-share@3x.png in Resources */ = {isa = PBXBuildFile; fileRef = 65E7C9381D57467700BBFFBD /* 702-share@3x.png */; };
		65E7C98A1D57467700BBFFBD /* 708-search.png in Resources */ = {isa = PBXBuildFile; fileRef = 65E7C9391D57467700BBFFBD /* 708-search.png */; };
		65E7C98B1D57467700BBFFBD /* 708-search@2x.png in Resources */ = {isa = PBXBuildFile; fileRef = 65E7C93A1D57467700BBFFBD /* 708-search@2x.png */; };
		65E7C98C1D57467700BBFFBD /* 708-search@3x.png in Resources */ = {isa = PBXBuildFile; fileRef = 65E7C93B1D57467700BBFFBD /* 708-search@3x.png */; };
		65E7C98D1D57467700BBFFBD /* 765-arrow-left.png in Resources */ = {isa = PBXBuildFile; fileRef = 65E7C93C1D57467700BBFFBD /* 765-arrow-left.png */; };
		65E7C98E1D57467700BBFFBD /* 765-arrow-left@2x.png in Resources */ = {isa = PBXBuildFile; fileRef = 65E7C93D1D57467700BBFFBD /* 765-arrow-left@2x.png */; };
		65E7C98F1D57467700BBFFBD /* 765-arrow-left@3x.png in Resources */ = {isa = PBXBuildFile; fileRef = 65E7C93E1D57467700BBFFBD /* 765-arrow-left@3x.png */; };
		65E7C9901D57467700BBFFBD /* 766-arrow-right.png in Resources */ = {isa = PBXBuildFile; fileRef = 65E7C93F1D57467700BBFFBD /* 766-arrow-right.png */; };
		65E7C9911D57467700BBFFBD /* 766-arrow-right@2x.png in Resources */ = {isa = PBXBuildFile; fileRef = 65E7C9401D57467700BBFFBD /* 766-arrow-right@2x.png */; };
		65E7C9921D57467700BBFFBD /* 766-arrow-right@3x.png in Resources */ = {isa = PBXBuildFile; fileRef = 65E7C9411D57467700BBFFBD /* 766-arrow-right@3x.png */; };
		65E7C9931D57467700BBFFBD /* 777-thumbs-up-selected.png in Resources */ = {isa = PBXBuildFile; fileRef = 65E7C9421D57467700BBFFBD /* 777-thumbs-up-selected.png */; };
		65E7C9941D57467700BBFFBD /* 777-thumbs-up-selected@2x.png in Resources */ = {isa = PBXBuildFile; fileRef = 65E7C9431D57467700BBFFBD /* 777-thumbs-up-selected@2x.png */; };
		65E7C9951D57467700BBFFBD /* 777-thumbs-up-selected@3x.png in Resources */ = {isa = PBXBuildFile; fileRef = 65E7C9441D57467700BBFFBD /* 777-thumbs-up-selected@3x.png */; };
		65E7C9961D57467700BBFFBD /* 777-thumbs-up.png in Resources */ = {isa = PBXBuildFile; fileRef = 65E7C9451D57467700BBFFBD /* 777-thumbs-up.png */; };
		65E7C9971D57467700BBFFBD /* 777-thumbs-up@2x.png in Resources */ = {isa = PBXBuildFile; fileRef = 65E7C9461D57467700BBFFBD /* 777-thumbs-up@2x.png */; };
		65E7C9981D57467700BBFFBD /* 777-thumbs-up@3x.png in Resources */ = {isa = PBXBuildFile; fileRef = 65E7C9471D57467700BBFFBD /* 777-thumbs-up@3x.png */; };
		65E7C9991D57467700BBFFBD /* 778-thumbs-down.png in Resources */ = {isa = PBXBuildFile; fileRef = 65E7C9481D57467700BBFFBD /* 778-thumbs-down.png */; };
		65E7C99A1D57467700BBFFBD /* 778-thumbs-down@2x.png in Resources */ = {isa = PBXBuildFile; fileRef = 65E7C9491D57467700BBFFBD /* 778-thumbs-down@2x.png */; };
		65E7C99B1D57467700BBFFBD /* 778-thumbs-down@3x.png in Resources */ = {isa = PBXBuildFile; fileRef = 65E7C94A1D57467700BBFFBD /* 778-thumbs-down@3x.png */; };
		65E7C99C1D57467700BBFFBD /* black-red-note-120.png in Resources */ = {isa = PBXBuildFile; fileRef = 65E7C94B1D57467700BBFFBD /* black-red-note-120.png */; };
		65E7C99D1D57467700BBFFBD /* blacklab2.png in Resources */ = {isa = PBXBuildFile; fileRef = 65E7C94C1D57467700BBFFBD /* blacklab2.png */; };
		65E7C99F1D57467700BBFFBD /* GoatwhoreLastFM.png in Resources */ = {isa = PBXBuildFile; fileRef = 65E7C94E1D57467700BBFFBD /* GoatwhoreLastFM.png */; };
		65E7C9A01D57467700BBFFBD /* jakegiz.jpg in Resources */ = {isa = PBXBuildFile; fileRef = 65E7C94F1D57467700BBFFBD /* jakegiz.jpg */; };
		65E7C9A11D57467700BBFFBD /* note120x120.png in Resources */ = {isa = PBXBuildFile; fileRef = 65E7C9501D57467700BBFFBD /* note120x120.png */; };
		65E7C9A21D57467700BBFFBD /* pause.png in Resources */ = {isa = PBXBuildFile; fileRef = 65E7C9511D57467700BBFFBD /* pause.png */; };
		65E7C9A31D57467700BBFFBD /* pause@2x.png in Resources */ = {isa = PBXBuildFile; fileRef = 65E7C9521D57467700BBFFBD /* pause@2x.png */; };
		65E7C9A41D57467700BBFFBD /* pentagram.png in Resources */ = {isa = PBXBuildFile; fileRef = 65E7C9531D57467700BBFFBD /* pentagram.png */; };
		65E7C9A51D57467700BBFFBD /* pentagram@2x.png in Resources */ = {isa = PBXBuildFile; fileRef = 65E7C9541D57467700BBFFBD /* pentagram@2x.png */; };
		65E7C9A61D57467700BBFFBD /* play-75.png in Resources */ = {isa = PBXBuildFile; fileRef = 65E7C9551D57467700BBFFBD /* play-75.png */; };
		65E7C9A71D57467700BBFFBD /* play-75@2x.png in Resources */ = {isa = PBXBuildFile; fileRef = 65E7C9561D57467700BBFFBD /* play-75@2x.png */; };
		65E7C9A81D57467700BBFFBD /* sample-album-art.jpg in Resources */ = {isa = PBXBuildFile; fileRef = 65E7C9571D57467700BBFFBD /* sample-album-art.jpg */; };
		65E7C9A91D57467700BBFFBD /* sample-album-art2.jpg in Resources */ = {isa = PBXBuildFile; fileRef = 65E7C9581D57467700BBFFBD /* sample-album-art2.jpg */; };
		65E7C9AA1D57467700BBFFBD /* sample-video-image.png in Resources */ = {isa = PBXBuildFile; fileRef = 65E7C9591D57467700BBFFBD /* sample-video-image.png */; };
		65E7C9AB1D57467700BBFFBD /* slider_maximum.png in Resources */ = {isa = PBXBuildFile; fileRef = 65E7C95A1D57467700BBFFBD /* slider_maximum.png */; };
		65E7C9AC1D57467700BBFFBD /* slider_maximum@2x.png in Resources */ = {isa = PBXBuildFile; fileRef = 65E7C95B1D57467700BBFFBD /* slider_maximum@2x.png */; };
		65E7C9AD1D57467700BBFFBD /* slider_minimum.png in Resources */ = {isa = PBXBuildFile; fileRef = 65E7C95C1D57467700BBFFBD /* slider_minimum.png */; };
		65E7C9AE1D57467800BBFFBD /* slider_minimum@2x.png in Resources */ = {isa = PBXBuildFile; fileRef = 65E7C95D1D57467700BBFFBD /* slider_minimum@2x.png */; };
		65E7C9AF1D57467800BBFFBD /* sliderlabel.png in Resources */ = {isa = PBXBuildFile; fileRef = 65E7C95E1D57467700BBFFBD /* sliderlabel.png */; };
		65E7C9B01D57467800BBFFBD /* sliderlabel@2x.png in Resources */ = {isa = PBXBuildFile; fileRef = 65E7C95F1D57467700BBFFBD /* sliderlabel@2x.png */; };
		65E7C9B11D57467800BBFFBD /* RootController.swift in Sources */ = {isa = PBXBuildFile; fileRef = 65E7C9601D57467700BBFFBD /* RootController.swift */; };
		65E7C9B21D57467800BBFFBD /* SearchAlbumController.swift in Sources */ = {isa = PBXBuildFile; fileRef = 65E7C9611D57467700BBFFBD /* SearchAlbumController.swift */; };
		65E7C9B31D57467800BBFFBD /* SearchAlbumTitleCell.swift in Sources */ = {isa = PBXBuildFile; fileRef = 65E7C9621D57467700BBFFBD /* SearchAlbumTitleCell.swift */; };
		65E7C9B41D57467800BBFFBD /* SearchAlbumTrackCell.swift in Sources */ = {isa = PBXBuildFile; fileRef = 65E7C9631D57467700BBFFBD /* SearchAlbumTrackCell.swift */; };
		65E7C9B51D57467800BBFFBD /* SearchArtistCell.swift in Sources */ = {isa = PBXBuildFile; fileRef = 65E7C9641D57467700BBFFBD /* SearchArtistCell.swift */; };
		65E7C9B61D57467800BBFFBD /* SearchArtistController.swift in Sources */ = {isa = PBXBuildFile; fileRef = 65E7C9651D57467700BBFFBD /* SearchArtistController.swift */; };
		65E7C9B71D57467800BBFFBD /* SearchController.swift in Sources */ = {isa = PBXBuildFile; fileRef = 65E7C9661D57467700BBFFBD /* SearchController.swift */; };
		65E7C9B81D57467800BBFFBD /* SongInfo.swift in Sources */ = {isa = PBXBuildFile; fileRef = 65E7C9671D57467700BBFFBD /* SongInfo.swift */; };
		65E7C9B91D57467800BBFFBD /* TimeStruct.swift in Sources */ = {isa = PBXBuildFile; fileRef = 65E7C9681D57467700BBFFBD /* TimeStruct.swift */; };
		65E7C9BB1D57467800BBFFBD /* Utils.swift in Sources */ = {isa = PBXBuildFile; fileRef = 65E7C96A1D57467700BBFFBD /* Utils.swift */; };
		65E7C9BD1D57467800BBFFBD /* VideoController.swift in Sources */ = {isa = PBXBuildFile; fileRef = 65E7C96C1D57467700BBFFBD /* VideoController.swift */; };
		65E7C9BE1D57467800BBFFBD /* YouTubeVideoManager.swift in Sources */ = {isa = PBXBuildFile; fileRef = 65E7C96D1D57467700BBFFBD /* YouTubeVideoManager.swift */; };
		6607B3791D623DD30087BC91 /* VideoController.swift in Sources */ = {isa = PBXBuildFile; fileRef = 6607B3781D623DD30087BC91 /* VideoController.swift */; };
		6607B37B1D634B960087BC91 /* VideoCell.swift in Sources */ = {isa = PBXBuildFile; fileRef = 6607B37A1D634B960087BC91 /* VideoCell.swift */; };
		6626E8DA1D6123E10062D8B2 /* black-red-note-120.png in Sources */ = {isa = PBXBuildFile; fileRef = 65E7C94B1D57467700BBFFBD /* black-red-note-120.png */; };
		6626E8DB1D6124810062D8B2 /* VideoLibrary.swift in Sources */ = {isa = PBXBuildFile; fileRef = 65CC2D851D5F674800C0E3A8 /* VideoLibrary.swift */; };
		669BE20D1D5FB91F00F8DDD5 /* Common.swift in Sources */ = {isa = PBXBuildFile; fileRef = 669BE20C1D5FB91F00F8DDD5 /* Common.swift */; };
		669BE2101D5FE04B00F8DDD5 /* Video.swift in Sources */ = {isa = PBXBuildFile; fileRef = 65CC2D871D5F675400C0E3A8 /* Video.swift */; };
		6FC907FD2756837C01ADE936 /* Pods_SongDemon.framework in Frameworks */ = {isa = PBXBuildFile; fileRef = 311597B76EF76C579BE15FBB /* Pods_SongDemon.framework */; };
		ACEFAE8ECF6F664A9D0516DF /* Pods_SongDemonChat.framework in Frameworks */ = {isa = PBXBuildFile; fileRef = B58B2F24729D0415051B3AB1 /* Pods_SongDemonChat.framework */; };
/* End PBXBuildFile section */

/* Begin PBXContainerItemProxy section */
		655CB7A01D5740F9005E0B78 /* PBXContainerItemProxy */ = {
			isa = PBXContainerItemProxy;
			containerPortal = 655CB7831D5740F9005E0B78 /* Project object */;
			proxyType = 1;
			remoteGlobalIDString = 655CB78A1D5740F9005E0B78;
			remoteInfo = SongDemon;
		};
		655CB7AB1D5740F9005E0B78 /* PBXContainerItemProxy */ = {
			isa = PBXContainerItemProxy;
			containerPortal = 655CB7831D5740F9005E0B78 /* Project object */;
			proxyType = 1;
			remoteGlobalIDString = 655CB78A1D5740F9005E0B78;
			remoteInfo = SongDemon;
		};
		6598C6071D5EC12E00042FE6 /* PBXContainerItemProxy */ = {
			isa = PBXContainerItemProxy;
			containerPortal = 655CB7831D5740F9005E0B78 /* Project object */;
			proxyType = 1;
			remoteGlobalIDString = 6598C5FA1D5EC12E00042FE6;
			remoteInfo = SongDemonChat;
		};
/* End PBXContainerItemProxy section */

/* Begin PBXCopyFilesBuildPhase section */
		6598C60D1D5EC12E00042FE6 /* Embed App Extensions */ = {
			isa = PBXCopyFilesBuildPhase;
			buildActionMask = 2147483647;
			dstPath = "";
			dstSubfolderSpec = 13;
			files = (
				6598C6091D5EC12E00042FE6 /* SongDemonChat.appex in Embed App Extensions */,
			);
			name = "Embed App Extensions";
			runOnlyForDeploymentPostprocessing = 0;
		};
/* End PBXCopyFilesBuildPhase section */

/* Begin PBXFileReference section */
		311597B76EF76C579BE15FBB /* Pods_SongDemon.framework */ = {isa = PBXFileReference; explicitFileType = wrapper.framework; includeInIndex = 0; path = Pods_SongDemon.framework; sourceTree = BUILT_PRODUCTS_DIR; };
		3AEFE761F2469AE01982CCA6 /* Pods-SongDemon.release.xcconfig */ = {isa = PBXFileReference; includeInIndex = 1; lastKnownFileType = text.xcconfig; name = "Pods-SongDemon.release.xcconfig"; path = "Pods/Target Support Files/Pods-SongDemon/Pods-SongDemon.release.xcconfig"; sourceTree = "<group>"; };
		42EBC2441EA489A78D2E69DA /* Pods-SongDemonChat.debug.xcconfig */ = {isa = PBXFileReference; includeInIndex = 1; lastKnownFileType = text.xcconfig; name = "Pods-SongDemonChat.debug.xcconfig"; path = "Pods/Target Support Files/Pods-SongDemonChat/Pods-SongDemonChat.debug.xcconfig"; sourceTree = "<group>"; };
		4525F2785758C7B96637FC2A /* Pods-SongDemon.debug.xcconfig */ = {isa = PBXFileReference; includeInIndex = 1; lastKnownFileType = text.xcconfig; name = "Pods-SongDemon.debug.xcconfig"; path = "Pods/Target Support Files/Pods-SongDemon/Pods-SongDemon.debug.xcconfig"; sourceTree = "<group>"; };
		651310C81D60F0C700A476AF /* YouTubeCell.swift */ = {isa = PBXFileReference; fileEncoding = 4; lastKnownFileType = sourcecode.swift; path = YouTubeCell.swift; sourceTree = "<group>"; };
		65557B5D1D5747B8002F98F9 /* Default-568h@2x.png */ = {isa = PBXFileReference; lastKnownFileType = image.png; path = "Default-568h@2x.png"; sourceTree = "<group>"; };
		655CB78B1D5740F9005E0B78 /* SongDemon.app */ = {isa = PBXFileReference; explicitFileType = wrapper.application; includeInIndex = 0; path = SongDemon.app; sourceTree = BUILT_PRODUCTS_DIR; };
		655CB7951D5740F9005E0B78 /* Assets.xcassets */ = {isa = PBXFileReference; lastKnownFileType = folder.assetcatalog; path = Assets.xcassets; sourceTree = "<group>"; };
		655CB79A1D5740F9005E0B78 /* Info.plist */ = {isa = PBXFileReference; lastKnownFileType = text.plist.xml; path = Info.plist; sourceTree = "<group>"; };
		655CB79F1D5740F9005E0B78 /* SongDemonTests.xctest */ = {isa = PBXFileReference; explicitFileType = wrapper.cfbundle; includeInIndex = 0; path = SongDemonTests.xctest; sourceTree = BUILT_PRODUCTS_DIR; };
		655CB7A31D5740F9005E0B78 /* SongDemonTests.swift */ = {isa = PBXFileReference; lastKnownFileType = sourcecode.swift; path = SongDemonTests.swift; sourceTree = "<group>"; };
		655CB7A51D5740F9005E0B78 /* Info.plist */ = {isa = PBXFileReference; lastKnownFileType = text.plist.xml; path = Info.plist; sourceTree = "<group>"; };
		655CB7AA1D5740F9005E0B78 /* SongDemonUITests.xctest */ = {isa = PBXFileReference; explicitFileType = wrapper.cfbundle; includeInIndex = 0; path = SongDemonUITests.xctest; sourceTree = BUILT_PRODUCTS_DIR; };
		655CB7AE1D5740F9005E0B78 /* SongDemonUITests.swift */ = {isa = PBXFileReference; lastKnownFileType = sourcecode.swift; path = SongDemonUITests.swift; sourceTree = "<group>"; };
		655CB7B01D5740F9005E0B78 /* Info.plist */ = {isa = PBXFileReference; lastKnownFileType = text.plist.xml; path = Info.plist; sourceTree = "<group>"; };
		6598C5FB1D5EC12E00042FE6 /* SongDemonChat.appex */ = {isa = PBXFileReference; explicitFileType = "wrapper.app-extension"; includeInIndex = 0; path = SongDemonChat.appex; sourceTree = BUILT_PRODUCTS_DIR; };
		6598C5FC1D5EC12E00042FE6 /* Messages.framework */ = {isa = PBXFileReference; lastKnownFileType = wrapper.framework; name = Messages.framework; path = System/Library/Frameworks/Messages.framework; sourceTree = SDKROOT; };
		6598C5FF1D5EC12E00042FE6 /* MessagesViewController.swift */ = {isa = PBXFileReference; lastKnownFileType = sourcecode.swift; path = MessagesViewController.swift; sourceTree = "<group>"; };
		6598C6021D5EC12E00042FE6 /* Base */ = {isa = PBXFileReference; lastKnownFileType = file.storyboard; name = Base; path = Base.lproj/MainInterface.storyboard; sourceTree = "<group>"; };
		6598C6041D5EC12E00042FE6 /* Assets.xcassets */ = {isa = PBXFileReference; lastKnownFileType = folder.assetcatalog; path = Assets.xcassets; sourceTree = "<group>"; };
		6598C6061D5EC12E00042FE6 /* Info.plist */ = {isa = PBXFileReference; lastKnownFileType = text.plist.xml; path = Info.plist; sourceTree = "<group>"; };
		6598C60E1D5EC15900042FE6 /* SongDemonChat.entitlements */ = {isa = PBXFileReference; lastKnownFileType = text.plist.entitlements; path = SongDemonChat.entitlements; sourceTree = "<group>"; };
		6598C6101D5ECECA00042FE6 /* SongDemon.entitlements */ = {isa = PBXFileReference; lastKnownFileType = text.plist.entitlements; name = SongDemon.entitlements; path = ../SongDemon.entitlements; sourceTree = "<group>"; };
		65CC2D851D5F674800C0E3A8 /* VideoLibrary.swift */ = {isa = PBXFileReference; fileEncoding = 4; lastKnownFileType = sourcecode.swift; path = VideoLibrary.swift; sourceTree = "<group>"; };
		65CC2D871D5F675400C0E3A8 /* Video.swift */ = {isa = PBXFileReference; fileEncoding = 4; lastKnownFileType = sourcecode.swift; path = Video.swift; sourceTree = "<group>"; };
		65E7C9191D57467700BBFFBD /* AppDelegate.swift */ = {isa = PBXFileReference; fileEncoding = 4; lastKnownFileType = sourcecode.swift; path = AppDelegate.swift; sourceTree = "<group>"; };
		65E7C91D1D57467700BBFFBD /* Base */ = {isa = PBXFileReference; lastKnownFileType = file.storyboard; name = Base; path = LaunchScreen.storyboard; sourceTree = "<group>"; };
		65E7C91F1D57467700BBFFBD /* Base */ = {isa = PBXFileReference; lastKnownFileType = file.storyboard; name = Base; path = Main.storyboard; sourceTree = "<group>"; };
		65E7C9201D57467700BBFFBD /* Constants.swift */ = {isa = PBXFileReference; fileEncoding = 4; lastKnownFileType = sourcecode.swift; path = Constants.swift; sourceTree = "<group>"; };
		65E7C9211D57467700BBFFBD /* Extensions.swift */ = {isa = PBXFileReference; fileEncoding = 4; lastKnownFileType = sourcecode.swift; path = Extensions.swift; sourceTree = "<group>"; };
		65E7C9231D57467700BBFFBD /* Async.swift */ = {isa = PBXFileReference; fileEncoding = 4; lastKnownFileType = sourcecode.swift; path = Async.swift; sourceTree = "<group>"; };
		65E7C9241D57467700BBFFBD /* SwiftyJSON.swift */ = {isa = PBXFileReference; fileEncoding = 4; lastKnownFileType = sourcecode.swift; path = SwiftyJSON.swift; sourceTree = "<group>"; };
		65E7C9251D57467700BBFFBD /* FileManager.swift */ = {isa = PBXFileReference; fileEncoding = 4; lastKnownFileType = sourcecode.swift; path = FileManager.swift; sourceTree = "<group>"; };
		65E7C9261D57467700BBFFBD /* ITunesUtils.swift */ = {isa = PBXFileReference; fileEncoding = 4; lastKnownFileType = sourcecode.swift; path = ITunesUtils.swift; sourceTree = "<group>"; };
		65E7C9271D57467700BBFFBD /* LibraryManager.swift */ = {isa = PBXFileReference; fileEncoding = 4; lastKnownFileType = sourcecode.swift; path = LibraryManager.swift; sourceTree = "<group>"; };
		65E7C9281D57467700BBFFBD /* Lyrics.swift */ = {isa = PBXFileReference; fileEncoding = 4; lastKnownFileType = sourcecode.swift; path = Lyrics.swift; sourceTree = "<group>"; };
		65E7C9291D57467700BBFFBD /* LyricsController.swift */ = {isa = PBXFileReference; fileEncoding = 4; lastKnownFileType = sourcecode.swift; path = LyricsController.swift; sourceTree = "<group>"; };
		65E7C92A1D57467700BBFFBD /* MainController.swift */ = {isa = PBXFileReference; fileEncoding = 4; lastKnownFileType = sourcecode.swift; path = MainController.swift; sourceTree = "<group>"; };
		65E7C92B1D57467700BBFFBD /* MusicPlayer.swift */ = {isa = PBXFileReference; fileEncoding = 4; lastKnownFileType = sourcecode.swift; path = MusicPlayer.swift; sourceTree = "<group>"; };
		65E7C92C1D57467700BBFFBD /* PlaylistAlbumSongCell.swift */ = {isa = PBXFileReference; fileEncoding = 4; lastKnownFileType = sourcecode.swift; path = PlaylistAlbumSongCell.swift; sourceTree = "<group>"; };
		65E7C92D1D57467700BBFFBD /* PlaylistAlbumTitleCell.swift */ = {isa = PBXFileReference; fileEncoding = 4; lastKnownFileType = sourcecode.swift; path = PlaylistAlbumTitleCell.swift; sourceTree = "<group>"; };
		65E7C92E1D57467700BBFFBD /* PlaylistCell.swift */ = {isa = PBXFileReference; fileEncoding = 4; lastKnownFileType = sourcecode.swift; path = PlaylistCell.swift; sourceTree = "<group>"; };
		65E7C92F1D57467700BBFFBD /* PlaylistController.swift */ = {isa = PBXFileReference; fileEncoding = 4; lastKnownFileType = sourcecode.swift; path = PlaylistController.swift; sourceTree = "<group>"; };
		65E7C9311D57467700BBFFBD /* Protocols.swift */ = {isa = PBXFileReference; fileEncoding = 4; lastKnownFileType = sourcecode.swift; path = Protocols.swift; sourceTree = "<group>"; };
		65E7C9331D57467700BBFFBD /* 1176-bulleted-list.png */ = {isa = PBXFileReference; lastKnownFileType = image.png; path = "1176-bulleted-list.png"; sourceTree = "<group>"; };
		65E7C9341D57467700BBFFBD /* 1176-bulleted-list@2x.png */ = {isa = PBXFileReference; lastKnownFileType = image.png; path = "1176-bulleted-list@2x.png"; sourceTree = "<group>"; };
		65E7C9351D57467700BBFFBD /* 1176-bulleted-list@3x.png */ = {isa = PBXFileReference; lastKnownFileType = image.png; path = "1176-bulleted-list@3x.png"; sourceTree = "<group>"; };
		65E7C9361D57467700BBFFBD /* 702-share.png */ = {isa = PBXFileReference; lastKnownFileType = image.png; path = "702-share.png"; sourceTree = "<group>"; };
		65E7C9371D57467700BBFFBD /* 702-share@2x.png */ = {isa = PBXFileReference; lastKnownFileType = image.png; path = "702-share@2x.png"; sourceTree = "<group>"; };
		65E7C9381D57467700BBFFBD /* 702-share@3x.png */ = {isa = PBXFileReference; lastKnownFileType = image.png; path = "702-share@3x.png"; sourceTree = "<group>"; };
		65E7C9391D57467700BBFFBD /* 708-search.png */ = {isa = PBXFileReference; lastKnownFileType = image.png; path = "708-search.png"; sourceTree = "<group>"; };
		65E7C93A1D57467700BBFFBD /* 708-search@2x.png */ = {isa = PBXFileReference; lastKnownFileType = image.png; path = "708-search@2x.png"; sourceTree = "<group>"; };
		65E7C93B1D57467700BBFFBD /* 708-search@3x.png */ = {isa = PBXFileReference; lastKnownFileType = image.png; path = "708-search@3x.png"; sourceTree = "<group>"; };
		65E7C93C1D57467700BBFFBD /* 765-arrow-left.png */ = {isa = PBXFileReference; lastKnownFileType = image.png; path = "765-arrow-left.png"; sourceTree = "<group>"; };
		65E7C93D1D57467700BBFFBD /* 765-arrow-left@2x.png */ = {isa = PBXFileReference; lastKnownFileType = image.png; path = "765-arrow-left@2x.png"; sourceTree = "<group>"; };
		65E7C93E1D57467700BBFFBD /* 765-arrow-left@3x.png */ = {isa = PBXFileReference; lastKnownFileType = image.png; path = "765-arrow-left@3x.png"; sourceTree = "<group>"; };
		65E7C93F1D57467700BBFFBD /* 766-arrow-right.png */ = {isa = PBXFileReference; lastKnownFileType = image.png; path = "766-arrow-right.png"; sourceTree = "<group>"; };
		65E7C9401D57467700BBFFBD /* 766-arrow-right@2x.png */ = {isa = PBXFileReference; lastKnownFileType = image.png; path = "766-arrow-right@2x.png"; sourceTree = "<group>"; };
		65E7C9411D57467700BBFFBD /* 766-arrow-right@3x.png */ = {isa = PBXFileReference; lastKnownFileType = image.png; path = "766-arrow-right@3x.png"; sourceTree = "<group>"; };
		65E7C9421D57467700BBFFBD /* 777-thumbs-up-selected.png */ = {isa = PBXFileReference; lastKnownFileType = image.png; path = "777-thumbs-up-selected.png"; sourceTree = "<group>"; };
		65E7C9431D57467700BBFFBD /* 777-thumbs-up-selected@2x.png */ = {isa = PBXFileReference; lastKnownFileType = image.png; path = "777-thumbs-up-selected@2x.png"; sourceTree = "<group>"; };
		65E7C9441D57467700BBFFBD /* 777-thumbs-up-selected@3x.png */ = {isa = PBXFileReference; lastKnownFileType = image.png; path = "777-thumbs-up-selected@3x.png"; sourceTree = "<group>"; };
		65E7C9451D57467700BBFFBD /* 777-thumbs-up.png */ = {isa = PBXFileReference; lastKnownFileType = image.png; path = "777-thumbs-up.png"; sourceTree = "<group>"; };
		65E7C9461D57467700BBFFBD /* 777-thumbs-up@2x.png */ = {isa = PBXFileReference; lastKnownFileType = image.png; path = "777-thumbs-up@2x.png"; sourceTree = "<group>"; };
		65E7C9471D57467700BBFFBD /* 777-thumbs-up@3x.png */ = {isa = PBXFileReference; lastKnownFileType = image.png; path = "777-thumbs-up@3x.png"; sourceTree = "<group>"; };
		65E7C9481D57467700BBFFBD /* 778-thumbs-down.png */ = {isa = PBXFileReference; lastKnownFileType = image.png; path = "778-thumbs-down.png"; sourceTree = "<group>"; };
		65E7C9491D57467700BBFFBD /* 778-thumbs-down@2x.png */ = {isa = PBXFileReference; lastKnownFileType = image.png; path = "778-thumbs-down@2x.png"; sourceTree = "<group>"; };
		65E7C94A1D57467700BBFFBD /* 778-thumbs-down@3x.png */ = {isa = PBXFileReference; lastKnownFileType = image.png; path = "778-thumbs-down@3x.png"; sourceTree = "<group>"; };
		65E7C94B1D57467700BBFFBD /* black-red-note-120.png */ = {isa = PBXFileReference; lastKnownFileType = image.png; path = "black-red-note-120.png"; sourceTree = "<group>"; };
		65E7C94C1D57467700BBFFBD /* blacklab2.png */ = {isa = PBXFileReference; lastKnownFileType = image.png; path = blacklab2.png; sourceTree = "<group>"; };
		65E7C94E1D57467700BBFFBD /* GoatwhoreLastFM.png */ = {isa = PBXFileReference; lastKnownFileType = image.png; path = GoatwhoreLastFM.png; sourceTree = "<group>"; };
		65E7C94F1D57467700BBFFBD /* jakegiz.jpg */ = {isa = PBXFileReference; lastKnownFileType = image.jpeg; path = jakegiz.jpg; sourceTree = "<group>"; };
		65E7C9501D57467700BBFFBD /* note120x120.png */ = {isa = PBXFileReference; lastKnownFileType = image.png; path = note120x120.png; sourceTree = "<group>"; };
		65E7C9511D57467700BBFFBD /* pause.png */ = {isa = PBXFileReference; lastKnownFileType = image.png; path = pause.png; sourceTree = "<group>"; };
		65E7C9521D57467700BBFFBD /* pause@2x.png */ = {isa = PBXFileReference; lastKnownFileType = image.png; path = "pause@2x.png"; sourceTree = "<group>"; };
		65E7C9531D57467700BBFFBD /* pentagram.png */ = {isa = PBXFileReference; lastKnownFileType = image.png; path = pentagram.png; sourceTree = "<group>"; };
		65E7C9541D57467700BBFFBD /* pentagram@2x.png */ = {isa = PBXFileReference; lastKnownFileType = image.png; path = "pentagram@2x.png"; sourceTree = "<group>"; };
		65E7C9551D57467700BBFFBD /* play-75.png */ = {isa = PBXFileReference; lastKnownFileType = image.png; path = "play-75.png"; sourceTree = "<group>"; };
		65E7C9561D57467700BBFFBD /* play-75@2x.png */ = {isa = PBXFileReference; lastKnownFileType = image.png; path = "play-75@2x.png"; sourceTree = "<group>"; };
		65E7C9571D57467700BBFFBD /* sample-album-art.jpg */ = {isa = PBXFileReference; lastKnownFileType = image.jpeg; path = "sample-album-art.jpg"; sourceTree = "<group>"; };
		65E7C9581D57467700BBFFBD /* sample-album-art2.jpg */ = {isa = PBXFileReference; lastKnownFileType = image.jpeg; path = "sample-album-art2.jpg"; sourceTree = "<group>"; };
		65E7C9591D57467700BBFFBD /* sample-video-image.png */ = {isa = PBXFileReference; lastKnownFileType = image.png; path = "sample-video-image.png"; sourceTree = "<group>"; };
		65E7C95A1D57467700BBFFBD /* slider_maximum.png */ = {isa = PBXFileReference; lastKnownFileType = image.png; path = slider_maximum.png; sourceTree = "<group>"; };
		65E7C95B1D57467700BBFFBD /* slider_maximum@2x.png */ = {isa = PBXFileReference; lastKnownFileType = image.png; path = "slider_maximum@2x.png"; sourceTree = "<group>"; };
		65E7C95C1D57467700BBFFBD /* slider_minimum.png */ = {isa = PBXFileReference; lastKnownFileType = image.png; path = slider_minimum.png; sourceTree = "<group>"; };
		65E7C95D1D57467700BBFFBD /* slider_minimum@2x.png */ = {isa = PBXFileReference; lastKnownFileType = image.png; path = "slider_minimum@2x.png"; sourceTree = "<group>"; };
		65E7C95E1D57467700BBFFBD /* sliderlabel.png */ = {isa = PBXFileReference; lastKnownFileType = image.png; path = sliderlabel.png; sourceTree = "<group>"; };
		65E7C95F1D57467700BBFFBD /* sliderlabel@2x.png */ = {isa = PBXFileReference; lastKnownFileType = image.png; path = "sliderlabel@2x.png"; sourceTree = "<group>"; };
		65E7C9601D57467700BBFFBD /* RootController.swift */ = {isa = PBXFileReference; fileEncoding = 4; lastKnownFileType = sourcecode.swift; path = RootController.swift; sourceTree = "<group>"; };
		65E7C9611D57467700BBFFBD /* SearchAlbumController.swift */ = {isa = PBXFileReference; fileEncoding = 4; lastKnownFileType = sourcecode.swift; path = SearchAlbumController.swift; sourceTree = "<group>"; };
		65E7C9621D57467700BBFFBD /* SearchAlbumTitleCell.swift */ = {isa = PBXFileReference; fileEncoding = 4; lastKnownFileType = sourcecode.swift; path = SearchAlbumTitleCell.swift; sourceTree = "<group>"; };
		65E7C9631D57467700BBFFBD /* SearchAlbumTrackCell.swift */ = {isa = PBXFileReference; fileEncoding = 4; lastKnownFileType = sourcecode.swift; path = SearchAlbumTrackCell.swift; sourceTree = "<group>"; };
		65E7C9641D57467700BBFFBD /* SearchArtistCell.swift */ = {isa = PBXFileReference; fileEncoding = 4; lastKnownFileType = sourcecode.swift; path = SearchArtistCell.swift; sourceTree = "<group>"; };
		65E7C9651D57467700BBFFBD /* SearchArtistController.swift */ = {isa = PBXFileReference; fileEncoding = 4; lastKnownFileType = sourcecode.swift; path = SearchArtistController.swift; sourceTree = "<group>"; };
		65E7C9661D57467700BBFFBD /* SearchController.swift */ = {isa = PBXFileReference; fileEncoding = 4; lastKnownFileType = sourcecode.swift; path = SearchController.swift; sourceTree = "<group>"; };
		65E7C9671D57467700BBFFBD /* SongInfo.swift */ = {isa = PBXFileReference; fileEncoding = 4; lastKnownFileType = sourcecode.swift; path = SongInfo.swift; sourceTree = "<group>"; };
		65E7C9681D57467700BBFFBD /* TimeStruct.swift */ = {isa = PBXFileReference; fileEncoding = 4; lastKnownFileType = sourcecode.swift; path = TimeStruct.swift; sourceTree = "<group>"; };
		65E7C96A1D57467700BBFFBD /* Utils.swift */ = {isa = PBXFileReference; fileEncoding = 4; lastKnownFileType = sourcecode.swift; path = Utils.swift; sourceTree = "<group>"; };
		65E7C96C1D57467700BBFFBD /* VideoController.swift */ = {isa = PBXFileReference; fileEncoding = 4; lastKnownFileType = sourcecode.swift; path = VideoController.swift; sourceTree = "<group>"; };
		65E7C96D1D57467700BBFFBD /* YouTubeVideoManager.swift */ = {isa = PBXFileReference; fileEncoding = 4; lastKnownFileType = sourcecode.swift; path = YouTubeVideoManager.swift; sourceTree = "<group>"; };
		6607B3781D623DD30087BC91 /* VideoController.swift */ = {isa = PBXFileReference; fileEncoding = 4; lastKnownFileType = sourcecode.swift; path = VideoController.swift; sourceTree = "<group>"; };
		6607B37A1D634B960087BC91 /* VideoCell.swift */ = {isa = PBXFileReference; fileEncoding = 4; lastKnownFileType = sourcecode.swift; path = VideoCell.swift; sourceTree = "<group>"; };
		669BE20C1D5FB91F00F8DDD5 /* Common.swift */ = {isa = PBXFileReference; fileEncoding = 4; lastKnownFileType = sourcecode.swift; path = Common.swift; sourceTree = "<group>"; };
		886CF68705C607379F4BB417 /* Pods-SongDemonChat.release.xcconfig */ = {isa = PBXFileReference; includeInIndex = 1; lastKnownFileType = text.xcconfig; name = "Pods-SongDemonChat.release.xcconfig"; path = "Pods/Target Support Files/Pods-SongDemonChat/Pods-SongDemonChat.release.xcconfig"; sourceTree = "<group>"; };
		B58B2F24729D0415051B3AB1 /* Pods_SongDemonChat.framework */ = {isa = PBXFileReference; explicitFileType = wrapper.framework; includeInIndex = 0; path = Pods_SongDemonChat.framework; sourceTree = BUILT_PRODUCTS_DIR; };
/* End PBXFileReference section */

/* Begin PBXFrameworksBuildPhase section */
		655CB7881D5740F9005E0B78 /* Frameworks */ = {
			isa = PBXFrameworksBuildPhase;
			buildActionMask = 2147483647;
			files = (
				6FC907FD2756837C01ADE936 /* Pods_SongDemon.framework in Frameworks */,
			);
			runOnlyForDeploymentPostprocessing = 0;
		};
		655CB79C1D5740F9005E0B78 /* Frameworks */ = {
			isa = PBXFrameworksBuildPhase;
			buildActionMask = 2147483647;
			files = (
			);
			runOnlyForDeploymentPostprocessing = 0;
		};
		655CB7A71D5740F9005E0B78 /* Frameworks */ = {
			isa = PBXFrameworksBuildPhase;
			buildActionMask = 2147483647;
			files = (
			);
			runOnlyForDeploymentPostprocessing = 0;
		};
		6598C5F81D5EC12E00042FE6 /* Frameworks */ = {
			isa = PBXFrameworksBuildPhase;
			buildActionMask = 2147483647;
			files = (
				6598C5FD1D5EC12E00042FE6 /* Messages.framework in Frameworks */,
				ACEFAE8ECF6F664A9D0516DF /* Pods_SongDemonChat.framework in Frameworks */,
			);
			runOnlyForDeploymentPostprocessing = 0;
		};
/* End PBXFrameworksBuildPhase section */

/* Begin PBXGroup section */
		4970DF84468CDE95E835C182 /* Pods */ = {
			isa = PBXGroup;
			children = (
				4525F2785758C7B96637FC2A /* Pods-SongDemon.debug.xcconfig */,
				3AEFE761F2469AE01982CCA6 /* Pods-SongDemon.release.xcconfig */,
				42EBC2441EA489A78D2E69DA /* Pods-SongDemonChat.debug.xcconfig */,
				886CF68705C607379F4BB417 /* Pods-SongDemonChat.release.xcconfig */,
			);
			name = Pods;
			sourceTree = "<group>";
		};
		65557B5F1D574B04002F98F9 /* NotUsed */ = {
			isa = PBXGroup;
			children = (
				65E7C9501D57467700BBFFBD /* note120x120.png */,
				65E7C94E1D57467700BBFFBD /* GoatwhoreLastFM.png */,
			);
			name = NotUsed;
			sourceTree = "<group>";
		};
		655CB7821D5740F9005E0B78 = {
			isa = PBXGroup;
			children = (
				65557B5D1D5747B8002F98F9 /* Default-568h@2x.png */,
				655CB78D1D5740F9005E0B78 /* SongDemon */,
				655CB7A21D5740F9005E0B78 /* SongDemonTests */,
				655CB7AD1D5740F9005E0B78 /* SongDemonUITests */,
				6598C5FE1D5EC12E00042FE6 /* SongDemonChat */,
				655CB78C1D5740F9005E0B78 /* Products */,
				4970DF84468CDE95E835C182 /* Pods */,
				C040547BB6D1C04DFADE8398 /* Frameworks */,
			);
			sourceTree = "<group>";
		};
		655CB78C1D5740F9005E0B78 /* Products */ = {
			isa = PBXGroup;
			children = (
				655CB78B1D5740F9005E0B78 /* SongDemon.app */,
				655CB79F1D5740F9005E0B78 /* SongDemonTests.xctest */,
				655CB7AA1D5740F9005E0B78 /* SongDemonUITests.xctest */,
				6598C5FB1D5EC12E00042FE6 /* SongDemonChat.appex */,
			);
			name = Products;
			sourceTree = "<group>";
		};
		655CB78D1D5740F9005E0B78 /* SongDemon */ = {
			isa = PBXGroup;
			children = (
				65CC2D841D5F66AD00C0E3A8 /* DTOs */,
				65E7C91B1D57467700BBFFBD /* Base.lproj */,
				65E7C9221D57467700BBFFBD /* External */,
				65E7C9321D57467700BBFFBD /* Resources */,
				655CB79A1D5740F9005E0B78 /* Info.plist */,
				65E7C91E1D57467700BBFFBD /* Main.storyboard */,
				65E7C9191D57467700BBFFBD /* AppDelegate.swift */,
				65E7C9201D57467700BBFFBD /* Constants.swift */,
				65E7C9211D57467700BBFFBD /* Extensions.swift */,
				65E7C9251D57467700BBFFBD /* FileManager.swift */,
				65E7C9261D57467700BBFFBD /* ITunesUtils.swift */,
				65E7C9271D57467700BBFFBD /* LibraryManager.swift */,
				65E7C9281D57467700BBFFBD /* Lyrics.swift */,
				65E7C9291D57467700BBFFBD /* LyricsController.swift */,
				65E7C92A1D57467700BBFFBD /* MainController.swift */,
				65E7C92B1D57467700BBFFBD /* MusicPlayer.swift */,
				65E7C92C1D57467700BBFFBD /* PlaylistAlbumSongCell.swift */,
				65E7C92D1D57467700BBFFBD /* PlaylistAlbumTitleCell.swift */,
				65E7C92E1D57467700BBFFBD /* PlaylistCell.swift */,
				65E7C92F1D57467700BBFFBD /* PlaylistController.swift */,
				65E7C9311D57467700BBFFBD /* Protocols.swift */,
				65E7C9601D57467700BBFFBD /* RootController.swift */,
				65E7C9611D57467700BBFFBD /* SearchAlbumController.swift */,
				65E7C9621D57467700BBFFBD /* SearchAlbumTitleCell.swift */,
				65E7C9631D57467700BBFFBD /* SearchAlbumTrackCell.swift */,
				65E7C9641D57467700BBFFBD /* SearchArtistCell.swift */,
				65E7C9651D57467700BBFFBD /* SearchArtistController.swift */,
				65E7C9661D57467700BBFFBD /* SearchController.swift */,
				65E7C9671D57467700BBFFBD /* SongInfo.swift */,
				65E7C9681D57467700BBFFBD /* TimeStruct.swift */,
				65E7C96A1D57467700BBFFBD /* Utils.swift */,
				65E7C96C1D57467700BBFFBD /* VideoController.swift */,
				65E7C96D1D57467700BBFFBD /* YouTubeVideoManager.swift */,
				651310C81D60F0C700A476AF /* YouTubeCell.swift */,
				655CB7951D5740F9005E0B78 /* Assets.xcassets */,
			);
			path = SongDemon;
			sourceTree = "<group>";
		};
		655CB7A21D5740F9005E0B78 /* SongDemonTests */ = {
			isa = PBXGroup;
			children = (
				655CB7A31D5740F9005E0B78 /* SongDemonTests.swift */,
				655CB7A51D5740F9005E0B78 /* Info.plist */,
			);
			path = SongDemonTests;
			sourceTree = "<group>";
		};
		655CB7AD1D5740F9005E0B78 /* SongDemonUITests */ = {
			isa = PBXGroup;
			children = (
				655CB7AE1D5740F9005E0B78 /* SongDemonUITests.swift */,
				655CB7B01D5740F9005E0B78 /* Info.plist */,
			);
			path = SongDemonUITests;
			sourceTree = "<group>";
		};
		6598C5FE1D5EC12E00042FE6 /* SongDemonChat */ = {
			isa = PBXGroup;
			children = (
				6598C60E1D5EC15900042FE6 /* SongDemonChat.entitlements */,
				6598C6011D5EC12E00042FE6 /* MainInterface.storyboard */,
				6598C5FF1D5EC12E00042FE6 /* MessagesViewController.swift */,
				6607B3781D623DD30087BC91 /* VideoController.swift */,
				6607B37A1D634B960087BC91 /* VideoCell.swift */,
				669BE20C1D5FB91F00F8DDD5 /* Common.swift */,
				6598C6041D5EC12E00042FE6 /* Assets.xcassets */,
				6598C6061D5EC12E00042FE6 /* Info.plist */,
			);
			path = SongDemonChat;
			sourceTree = "<group>";
		};
		65CC2D841D5F66AD00C0E3A8 /* DTOs */ = {
			isa = PBXGroup;
			children = (
				65CC2D851D5F674800C0E3A8 /* VideoLibrary.swift */,
				65CC2D871D5F675400C0E3A8 /* Video.swift */,
			);
			name = DTOs;
			sourceTree = "<group>";
		};
		65E7C91B1D57467700BBFFBD /* Base.lproj */ = {
			isa = PBXGroup;
			children = (
				6598C6101D5ECECA00042FE6 /* SongDemon.entitlements */,
				65E7C91C1D57467700BBFFBD /* LaunchScreen.storyboard */,
			);
			path = Base.lproj;
			sourceTree = "<group>";
		};
		65E7C9221D57467700BBFFBD /* External */ = {
			isa = PBXGroup;
			children = (
				65E7C9231D57467700BBFFBD /* Async.swift */,
				65E7C9241D57467700BBFFBD /* SwiftyJSON.swift */,
			);
			path = External;
			sourceTree = "<group>";
		};
		65E7C9321D57467700BBFFBD /* Resources */ = {
			isa = PBXGroup;
			children = (
				65557B5F1D574B04002F98F9 /* NotUsed */,
				65E7C9331D57467700BBFFBD /* 1176-bulleted-list.png */,
				65E7C9341D57467700BBFFBD /* 1176-bulleted-list@2x.png */,
				65E7C9351D57467700BBFFBD /* 1176-bulleted-list@3x.png */,
				65E7C9361D57467700BBFFBD /* 702-share.png */,
				65E7C9371D57467700BBFFBD /* 702-share@2x.png */,
				65E7C9381D57467700BBFFBD /* 702-share@3x.png */,
				65E7C9391D57467700BBFFBD /* 708-search.png */,
				65E7C93A1D57467700BBFFBD /* 708-search@2x.png */,
				65E7C93B1D57467700BBFFBD /* 708-search@3x.png */,
				65E7C93C1D57467700BBFFBD /* 765-arrow-left.png */,
				65E7C93D1D57467700BBFFBD /* 765-arrow-left@2x.png */,
				65E7C93E1D57467700BBFFBD /* 765-arrow-left@3x.png */,
				65E7C93F1D57467700BBFFBD /* 766-arrow-right.png */,
				65E7C9401D57467700BBFFBD /* 766-arrow-right@2x.png */,
				65E7C9411D57467700BBFFBD /* 766-arrow-right@3x.png */,
				65E7C9421D57467700BBFFBD /* 777-thumbs-up-selected.png */,
				65E7C9431D57467700BBFFBD /* 777-thumbs-up-selected@2x.png */,
				65E7C9441D57467700BBFFBD /* 777-thumbs-up-selected@3x.png */,
				65E7C9451D57467700BBFFBD /* 777-thumbs-up.png */,
				65E7C9461D57467700BBFFBD /* 777-thumbs-up@2x.png */,
				65E7C9471D57467700BBFFBD /* 777-thumbs-up@3x.png */,
				65E7C9481D57467700BBFFBD /* 778-thumbs-down.png */,
				65E7C9491D57467700BBFFBD /* 778-thumbs-down@2x.png */,
				65E7C94A1D57467700BBFFBD /* 778-thumbs-down@3x.png */,
				65E7C94B1D57467700BBFFBD /* black-red-note-120.png */,
				65E7C94C1D57467700BBFFBD /* blacklab2.png */,
				65E7C94F1D57467700BBFFBD /* jakegiz.jpg */,
				65E7C9511D57467700BBFFBD /* pause.png */,
				65E7C9521D57467700BBFFBD /* pause@2x.png */,
				65E7C9531D57467700BBFFBD /* pentagram.png */,
				65E7C9541D57467700BBFFBD /* pentagram@2x.png */,
				65E7C9551D57467700BBFFBD /* play-75.png */,
				65E7C9561D57467700BBFFBD /* play-75@2x.png */,
				65E7C9571D57467700BBFFBD /* sample-album-art.jpg */,
				65E7C9581D57467700BBFFBD /* sample-album-art2.jpg */,
				65E7C9591D57467700BBFFBD /* sample-video-image.png */,
				65E7C95A1D57467700BBFFBD /* slider_maximum.png */,
				65E7C95B1D57467700BBFFBD /* slider_maximum@2x.png */,
				65E7C95C1D57467700BBFFBD /* slider_minimum.png */,
				65E7C95D1D57467700BBFFBD /* slider_minimum@2x.png */,
				65E7C95E1D57467700BBFFBD /* sliderlabel.png */,
				65E7C95F1D57467700BBFFBD /* sliderlabel@2x.png */,
			);
			path = Resources;
			sourceTree = "<group>";
		};
		C040547BB6D1C04DFADE8398 /* Frameworks */ = {
			isa = PBXGroup;
			children = (
				311597B76EF76C579BE15FBB /* Pods_SongDemon.framework */,
				6598C5FC1D5EC12E00042FE6 /* Messages.framework */,
				B58B2F24729D0415051B3AB1 /* Pods_SongDemonChat.framework */,
			);
			name = Frameworks;
			sourceTree = "<group>";
		};
/* End PBXGroup section */

/* Begin PBXNativeTarget section */
		655CB78A1D5740F9005E0B78 /* SongDemon */ = {
			isa = PBXNativeTarget;
			buildConfigurationList = 655CB7B31D5740F9005E0B78 /* Build configuration list for PBXNativeTarget "SongDemon" */;
			buildPhases = (
				2C120D4163F77B64EDAA4D9B /* [CP] Check Pods Manifest.lock */,
				655CB7871D5740F9005E0B78 /* Sources */,
				655CB7881D5740F9005E0B78 /* Frameworks */,
				655CB7891D5740F9005E0B78 /* Resources */,
				C04370A19B296EF865C7F58D /* [CP] Embed Pods Frameworks */,
				AFB49E4561C82D17F4DE2CD9 /* [CP] Copy Pods Resources */,
				6598C60D1D5EC12E00042FE6 /* Embed App Extensions */,
			);
			buildRules = (
			);
			dependencies = (
				6598C6081D5EC12E00042FE6 /* PBXTargetDependency */,
			);
			name = SongDemon;
			productName = SongDemon;
			productReference = 655CB78B1D5740F9005E0B78 /* SongDemon.app */;
			productType = "com.apple.product-type.application";
		};
		655CB79E1D5740F9005E0B78 /* SongDemonTests */ = {
			isa = PBXNativeTarget;
			buildConfigurationList = 655CB7B61D5740F9005E0B78 /* Build configuration list for PBXNativeTarget "SongDemonTests" */;
			buildPhases = (
				655CB79B1D5740F9005E0B78 /* Sources */,
				655CB79C1D5740F9005E0B78 /* Frameworks */,
				655CB79D1D5740F9005E0B78 /* Resources */,
			);
			buildRules = (
			);
			dependencies = (
				655CB7A11D5740F9005E0B78 /* PBXTargetDependency */,
			);
			name = SongDemonTests;
			productName = SongDemonTests;
			productReference = 655CB79F1D5740F9005E0B78 /* SongDemonTests.xctest */;
			productType = "com.apple.product-type.bundle.unit-test";
		};
		655CB7A91D5740F9005E0B78 /* SongDemonUITests */ = {
			isa = PBXNativeTarget;
			buildConfigurationList = 655CB7B91D5740F9005E0B78 /* Build configuration list for PBXNativeTarget "SongDemonUITests" */;
			buildPhases = (
				655CB7A61D5740F9005E0B78 /* Sources */,
				655CB7A71D5740F9005E0B78 /* Frameworks */,
				655CB7A81D5740F9005E0B78 /* Resources */,
			);
			buildRules = (
			);
			dependencies = (
				655CB7AC1D5740F9005E0B78 /* PBXTargetDependency */,
			);
			name = SongDemonUITests;
			productName = SongDemonUITests;
			productReference = 655CB7AA1D5740F9005E0B78 /* SongDemonUITests.xctest */;
			productType = "com.apple.product-type.bundle.ui-testing";
		};
		6598C5FA1D5EC12E00042FE6 /* SongDemonChat */ = {
			isa = PBXNativeTarget;
			buildConfigurationList = 6598C60C1D5EC12E00042FE6 /* Build configuration list for PBXNativeTarget "SongDemonChat" */;
			buildPhases = (
				DBC09237E8A2D8C3A2C6D33B /* [CP] Check Pods Manifest.lock */,
				6598C5F71D5EC12E00042FE6 /* Sources */,
				6598C5F81D5EC12E00042FE6 /* Frameworks */,
				6598C5F91D5EC12E00042FE6 /* Resources */,
				BDFB263E719A3D776F2D1E0B /* [CP] Copy Pods Resources */,
			);
			buildRules = (
			);
			dependencies = (
			);
			name = SongDemonChat;
			productName = SongDemonChat;
			productReference = 6598C5FB1D5EC12E00042FE6 /* SongDemonChat.appex */;
			productType = "com.apple.product-type.app-extension.messages";
		};
/* End PBXNativeTarget section */

/* Begin PBXProject section */
		655CB7831D5740F9005E0B78 /* Project object */ = {
			isa = PBXProject;
			attributes = {
				LastSwiftUpdateCheck = 0800;
				LastUpgradeCheck = 0800;
				ORGANIZATIONNAME = "Stingray Dev";
				TargetAttributes = {
					655CB78A1D5740F9005E0B78 = {
						CreatedOnToolsVersion = 8.0;
						DevelopmentTeam = K9HP5J9XB3;
						LastSwiftMigration = 0800;
						ProvisioningStyle = Automatic;
						SystemCapabilities = {
							com.apple.ApplicationGroups.iOS = {
								enabled = 1;
							};
						};
					};
					655CB79E1D5740F9005E0B78 = {
						CreatedOnToolsVersion = 8.0;
						DevelopmentTeam = K9HP5J9XB3;
						LastSwiftMigration = 0800;
						ProvisioningStyle = Automatic;
						TestTargetID = 655CB78A1D5740F9005E0B78;
					};
					655CB7A91D5740F9005E0B78 = {
						CreatedOnToolsVersion = 8.0;
						DevelopmentTeam = K9HP5J9XB3;
						LastSwiftMigration = 0800;
						ProvisioningStyle = Automatic;
						TestTargetID = 655CB78A1D5740F9005E0B78;
					};
					6598C5FA1D5EC12E00042FE6 = {
						CreatedOnToolsVersion = 8.0;
						DevelopmentTeam = K9HP5J9XB3;
						LastSwiftMigration = 0800;
						ProvisioningStyle = Automatic;
						SystemCapabilities = {
							com.apple.ApplicationGroups.iOS = {
								enabled = 1;
							};
						};
					};
				};
			};
			buildConfigurationList = 655CB7861D5740F9005E0B78 /* Build configuration list for PBXProject "SongDemon" */;
			compatibilityVersion = "Xcode 3.2";
			developmentRegion = English;
			hasScannedForEncodings = 0;
			knownRegions = (
				en,
				Base,
			);
			mainGroup = 655CB7821D5740F9005E0B78;
			productRefGroup = 655CB78C1D5740F9005E0B78 /* Products */;
			projectDirPath = "";
			projectRoot = "";
			targets = (
				655CB78A1D5740F9005E0B78 /* SongDemon */,
				655CB79E1D5740F9005E0B78 /* SongDemonTests */,
				655CB7A91D5740F9005E0B78 /* SongDemonUITests */,
				6598C5FA1D5EC12E00042FE6 /* SongDemonChat */,
			);
		};
/* End PBXProject section */

/* Begin PBXResourcesBuildPhase section */
		655CB7891D5740F9005E0B78 /* Resources */ = {
			isa = PBXResourcesBuildPhase;
			buildActionMask = 2147483647;
			files = (
				65E7C99C1D57467700BBFFBD /* black-red-note-120.png in Resources */,
				65E7C9A91D57467700BBFFBD /* sample-album-art2.jpg in Resources */,
				65E7C9941D57467700BBFFBD /* 777-thumbs-up-selected@2x.png in Resources */,
				655CB7961D5740F9005E0B78 /* Assets.xcassets in Resources */,
				65E7C9A41D57467700BBFFBD /* pentagram.png in Resources */,
				65E7C9881D57467700BBFFBD /* 702-share@2x.png in Resources */,
				65E7C98D1D57467700BBFFBD /* 765-arrow-left.png in Resources */,
				65E7C9721D57467700BBFFBD /* Main.storyboard in Resources */,
				65E7C9901D57467700BBFFBD /* 766-arrow-right.png in Resources */,
				65E7C9B01D57467800BBFFBD /* sliderlabel@2x.png in Resources */,
				65E7C9AB1D57467700BBFFBD /* slider_maximum.png in Resources */,
				65E7C98F1D57467700BBFFBD /* 765-arrow-left@3x.png in Resources */,
				65E7C9891D57467700BBFFBD /* 702-share@3x.png in Resources */,
				65E7C9A51D57467700BBFFBD /* pentagram@2x.png in Resources */,
				65E7C9AD1D57467700BBFFBD /* slider_minimum.png in Resources */,
				65E7C9861D57467700BBFFBD /* 1176-bulleted-list@3x.png in Resources */,
				65E7C9921D57467700BBFFBD /* 766-arrow-right@3x.png in Resources */,
				65557B5E1D5747B8002F98F9 /* Default-568h@2x.png in Resources */,
				65E7C9A71D57467700BBFFBD /* play-75@2x.png in Resources */,
				65E7C9961D57467700BBFFBD /* 777-thumbs-up.png in Resources */,
				65E7C9AF1D57467800BBFFBD /* sliderlabel.png in Resources */,
				65E7C9911D57467700BBFFBD /* 766-arrow-right@2x.png in Resources */,
				65E7C9841D57467700BBFFBD /* 1176-bulleted-list.png in Resources */,
				65E7C9871D57467700BBFFBD /* 702-share.png in Resources */,
				65E7C9AE1D57467800BBFFBD /* slider_minimum@2x.png in Resources */,
				65E7C98E1D57467700BBFFBD /* 765-arrow-left@2x.png in Resources */,
				65E7C9A01D57467700BBFFBD /* jakegiz.jpg in Resources */,
				65E7C98B1D57467700BBFFBD /* 708-search@2x.png in Resources */,
				65E7C9711D57467700BBFFBD /* LaunchScreen.storyboard in Resources */,
				65E7C9A81D57467700BBFFBD /* sample-album-art.jpg in Resources */,
				65E7C99B1D57467700BBFFBD /* 778-thumbs-down@3x.png in Resources */,
				65E7C9991D57467700BBFFBD /* 778-thumbs-down.png in Resources */,
				65E7C99D1D57467700BBFFBD /* blacklab2.png in Resources */,
				65E7C9A21D57467700BBFFBD /* pause.png in Resources */,
				65E7C9951D57467700BBFFBD /* 777-thumbs-up-selected@3x.png in Resources */,
				65E7C99F1D57467700BBFFBD /* GoatwhoreLastFM.png in Resources */,
				65E7C9AC1D57467700BBFFBD /* slider_maximum@2x.png in Resources */,
				65E7C9851D57467700BBFFBD /* 1176-bulleted-list@2x.png in Resources */,
				65E7C9931D57467700BBFFBD /* 777-thumbs-up-selected.png in Resources */,
				65E7C98A1D57467700BBFFBD /* 708-search.png in Resources */,
				65E7C9AA1D57467700BBFFBD /* sample-video-image.png in Resources */,
				65E7C9A11D57467700BBFFBD /* note120x120.png in Resources */,
				65E7C99A1D57467700BBFFBD /* 778-thumbs-down@2x.png in Resources */,
				65E7C9A61D57467700BBFFBD /* play-75.png in Resources */,
				65E7C9A31D57467700BBFFBD /* pause@2x.png in Resources */,
				65E7C9981D57467700BBFFBD /* 777-thumbs-up@3x.png in Resources */,
				65E7C9971D57467700BBFFBD /* 777-thumbs-up@2x.png in Resources */,
				65E7C98C1D57467700BBFFBD /* 708-search@3x.png in Resources */,
			);
			runOnlyForDeploymentPostprocessing = 0;
		};
		655CB79D1D5740F9005E0B78 /* Resources */ = {
			isa = PBXResourcesBuildPhase;
			buildActionMask = 2147483647;
			files = (
			);
			runOnlyForDeploymentPostprocessing = 0;
		};
		655CB7A81D5740F9005E0B78 /* Resources */ = {
			isa = PBXResourcesBuildPhase;
			buildActionMask = 2147483647;
			files = (
			);
			runOnlyForDeploymentPostprocessing = 0;
		};
		6598C5F91D5EC12E00042FE6 /* Resources */ = {
			isa = PBXResourcesBuildPhase;
			buildActionMask = 2147483647;
			files = (
				6598C6051D5EC12E00042FE6 /* Assets.xcassets in Resources */,
				6598C6031D5EC12E00042FE6 /* MainInterface.storyboard in Resources */,
			);
			runOnlyForDeploymentPostprocessing = 0;
		};
/* End PBXResourcesBuildPhase section */

/* Begin PBXShellScriptBuildPhase section */
		2C120D4163F77B64EDAA4D9B /* [CP] Check Pods Manifest.lock */ = {
			isa = PBXShellScriptBuildPhase;
			buildActionMask = 2147483647;
			files = (
			);
			inputPaths = (
			);
			name = "[CP] Check Pods Manifest.lock";
			outputPaths = (
			);
			runOnlyForDeploymentPostprocessing = 0;
			shellPath = /bin/sh;
			shellScript = "diff \"${PODS_ROOT}/../Podfile.lock\" \"${PODS_ROOT}/Manifest.lock\" > /dev/null\nif [[ $? != 0 ]] ; then\n    cat << EOM\nerror: The sandbox is not in sync with the Podfile.lock. Run 'pod install' or update your CocoaPods installation.\nEOM\n    exit 1\nfi\n";
			showEnvVarsInLog = 0;
		};
		AFB49E4561C82D17F4DE2CD9 /* [CP] Copy Pods Resources */ = {
			isa = PBXShellScriptBuildPhase;
			buildActionMask = 2147483647;
			files = (
			);
			inputPaths = (
			);
			name = "[CP] Copy Pods Resources";
			outputPaths = (
			);
			runOnlyForDeploymentPostprocessing = 0;
			shellPath = /bin/sh;
			shellScript = "\"${SRCROOT}/Pods/Target Support Files/Pods-SongDemon/Pods-SongDemon-resources.sh\"\n";
			showEnvVarsInLog = 0;
		};
		BDFB263E719A3D776F2D1E0B /* [CP] Copy Pods Resources */ = {
			isa = PBXShellScriptBuildPhase;
			buildActionMask = 2147483647;
			files = (
			);
			inputPaths = (
			);
			name = "[CP] Copy Pods Resources";
			outputPaths = (
			);
			runOnlyForDeploymentPostprocessing = 0;
			shellPath = /bin/sh;
			shellScript = "\"${SRCROOT}/Pods/Target Support Files/Pods-SongDemonChat/Pods-SongDemonChat-resources.sh\"\n";
			showEnvVarsInLog = 0;
		};
		C04370A19B296EF865C7F58D /* [CP] Embed Pods Frameworks */ = {
			isa = PBXShellScriptBuildPhase;
			buildActionMask = 2147483647;
			files = (
			);
			inputPaths = (
			);
			name = "[CP] Embed Pods Frameworks";
			outputPaths = (
			);
			runOnlyForDeploymentPostprocessing = 0;
			shellPath = /bin/sh;
			shellScript = "\"${SRCROOT}/Pods/Target Support Files/Pods-SongDemon/Pods-SongDemon-frameworks.sh\"\n";
			showEnvVarsInLog = 0;
		};
		DBC09237E8A2D8C3A2C6D33B /* [CP] Check Pods Manifest.lock */ = {
			isa = PBXShellScriptBuildPhase;
			buildActionMask = 2147483647;
			files = (
			);
			inputPaths = (
			);
			name = "[CP] Check Pods Manifest.lock";
			outputPaths = (
			);
			runOnlyForDeploymentPostprocessing = 0;
			shellPath = /bin/sh;
			shellScript = "diff \"${PODS_ROOT}/../Podfile.lock\" \"${PODS_ROOT}/Manifest.lock\" > /dev/null\nif [[ $? != 0 ]] ; then\n    cat << EOM\nerror: The sandbox is not in sync with the Podfile.lock. Run 'pod install' or update your CocoaPods installation.\nEOM\n    exit 1\nfi\n";
			showEnvVarsInLog = 0;
		};
/* End PBXShellScriptBuildPhase section */

/* Begin PBXSourcesBuildPhase section */
		655CB7871D5740F9005E0B78 /* Sources */ = {
			isa = PBXSourcesBuildPhase;
			buildActionMask = 2147483647;
			files = (
				65CC2D861D5F674800C0E3A8 /* VideoLibrary.swift in Sources */,
				65E7C9741D57467700BBFFBD /* Extensions.swift in Sources */,
				65E7C9BE1D57467800BBFFBD /* YouTubeVideoManager.swift in Sources */,
				651310C91D60F0C700A476AF /* YouTubeCell.swift in Sources */,
				65E7C96F1D57467700BBFFBD /* AppDelegate.swift in Sources */,
				65E7C97B1D57467700BBFFBD /* LyricsController.swift in Sources */,
				65E7C97D1D57467700BBFFBD /* MusicPlayer.swift in Sources */,
				65E7C9B11D57467800BBFFBD /* RootController.swift in Sources */,
				65E7C9781D57467700BBFFBD /* ITunesUtils.swift in Sources */,
				65E7C9B71D57467800BBFFBD /* SearchController.swift in Sources */,
				65CC2D881D5F675400C0E3A8 /* Video.swift in Sources */,
				65E7C97E1D57467700BBFFBD /* PlaylistAlbumSongCell.swift in Sources */,
				65E7C9B41D57467800BBFFBD /* SearchAlbumTrackCell.swift in Sources */,
				65E7C9B51D57467800BBFFBD /* SearchArtistCell.swift in Sources */,
				65E7C9791D57467700BBFFBD /* LibraryManager.swift in Sources */,
				65E7C9B21D57467800BBFFBD /* SearchAlbumController.swift in Sources */,
				65E7C9751D57467700BBFFBD /* Async.swift in Sources */,
				65E7C9B81D57467800BBFFBD /* SongInfo.swift in Sources */,
				65E7C9761D57467700BBFFBD /* SwiftyJSON.swift in Sources */,
				65E7C97A1D57467700BBFFBD /* Lyrics.swift in Sources */,
				65E7C97F1D57467700BBFFBD /* PlaylistAlbumTitleCell.swift in Sources */,
				65E7C9801D57467700BBFFBD /* PlaylistCell.swift in Sources */,
				65E7C9BB1D57467800BBFFBD /* Utils.swift in Sources */,
				65E7C9831D57467700BBFFBD /* Protocols.swift in Sources */,
				65E7C9B61D57467800BBFFBD /* SearchArtistController.swift in Sources */,
				65E7C9731D57467700BBFFBD /* Constants.swift in Sources */,
				65E7C9B91D57467800BBFFBD /* TimeStruct.swift in Sources */,
				65E7C9B31D57467800BBFFBD /* SearchAlbumTitleCell.swift in Sources */,
				65E7C97C1D57467700BBFFBD /* MainController.swift in Sources */,
				65E7C9771D57467700BBFFBD /* FileManager.swift in Sources */,
				65E7C9BD1D57467800BBFFBD /* VideoController.swift in Sources */,
				65E7C9811D57467700BBFFBD /* PlaylistController.swift in Sources */,
			);
			runOnlyForDeploymentPostprocessing = 0;
		};
		655CB79B1D5740F9005E0B78 /* Sources */ = {
			isa = PBXSourcesBuildPhase;
			buildActionMask = 2147483647;
			files = (
				655CB7A41D5740F9005E0B78 /* SongDemonTests.swift in Sources */,
			);
			runOnlyForDeploymentPostprocessing = 0;
		};
		655CB7A61D5740F9005E0B78 /* Sources */ = {
			isa = PBXSourcesBuildPhase;
			buildActionMask = 2147483647;
			files = (
				655CB7AF1D5740F9005E0B78 /* SongDemonUITests.swift in Sources */,
			);
			runOnlyForDeploymentPostprocessing = 0;
		};
		6598C5F71D5EC12E00042FE6 /* Sources */ = {
			isa = PBXSourcesBuildPhase;
			buildActionMask = 2147483647;
			files = (
				6626E8DB1D6124810062D8B2 /* VideoLibrary.swift in Sources */,
				6626E8DA1D6123E10062D8B2 /* black-red-note-120.png in Sources */,
				6607B37B1D634B960087BC91 /* VideoCell.swift in Sources */,
				669BE2101D5FE04B00F8DDD5 /* Video.swift in Sources */,
				6607B3791D623DD30087BC91 /* VideoController.swift in Sources */,
				6598C6001D5EC12E00042FE6 /* MessagesViewController.swift in Sources */,
				6598C60F1D5EC2A800042FE6 /* Utils.swift in Sources */,
				655826701D60373800ED3AD8 /* SwiftyJSON.swift in Sources */,
				669BE20D1D5FB91F00F8DDD5 /* Common.swift in Sources */,
			);
			runOnlyForDeploymentPostprocessing = 0;
		};
/* End PBXSourcesBuildPhase section */

/* Begin PBXTargetDependency section */
		655CB7A11D5740F9005E0B78 /* PBXTargetDependency */ = {
			isa = PBXTargetDependency;
			target = 655CB78A1D5740F9005E0B78 /* SongDemon */;
			targetProxy = 655CB7A01D5740F9005E0B78 /* PBXContainerItemProxy */;
		};
		655CB7AC1D5740F9005E0B78 /* PBXTargetDependency */ = {
			isa = PBXTargetDependency;
			target = 655CB78A1D5740F9005E0B78 /* SongDemon */;
			targetProxy = 655CB7AB1D5740F9005E0B78 /* PBXContainerItemProxy */;
		};
		6598C6081D5EC12E00042FE6 /* PBXTargetDependency */ = {
			isa = PBXTargetDependency;
			target = 6598C5FA1D5EC12E00042FE6 /* SongDemonChat */;
			targetProxy = 6598C6071D5EC12E00042FE6 /* PBXContainerItemProxy */;
		};
/* End PBXTargetDependency section */

/* Begin PBXVariantGroup section */
		6598C6011D5EC12E00042FE6 /* MainInterface.storyboard */ = {
			isa = PBXVariantGroup;
			children = (
				6598C6021D5EC12E00042FE6 /* Base */,
			);
			name = MainInterface.storyboard;
			sourceTree = "<group>";
		};
		65E7C91C1D57467700BBFFBD /* LaunchScreen.storyboard */ = {
			isa = PBXVariantGroup;
			children = (
				65E7C91D1D57467700BBFFBD /* Base */,
			);
			name = LaunchScreen.storyboard;
			sourceTree = "<group>";
		};
		65E7C91E1D57467700BBFFBD /* Main.storyboard */ = {
			isa = PBXVariantGroup;
			children = (
				65E7C91F1D57467700BBFFBD /* Base */,
			);
			name = Main.storyboard;
			path = Base.lproj;
			sourceTree = "<group>";
		};
/* End PBXVariantGroup section */

/* Begin XCBuildConfiguration section */
		655CB7B11D5740F9005E0B78 /* Debug */ = {
			isa = XCBuildConfiguration;
			buildSettings = {
				ALWAYS_SEARCH_USER_PATHS = NO;
				CLANG_ANALYZER_NONNULL = YES;
				CLANG_CXX_LANGUAGE_STANDARD = "gnu++0x";
				CLANG_CXX_LIBRARY = "libc++";
				CLANG_ENABLE_MODULES = YES;
				CLANG_ENABLE_OBJC_ARC = YES;
				CLANG_WARN_BOOL_CONVERSION = YES;
				CLANG_WARN_CONSTANT_CONVERSION = YES;
				CLANG_WARN_DIRECT_OBJC_ISA_USAGE = YES_ERROR;
				CLANG_WARN_DOCUMENTATION_COMMENTS = YES;
				CLANG_WARN_EMPTY_BODY = YES;
				CLANG_WARN_ENUM_CONVERSION = YES;
				CLANG_WARN_INFINITE_RECURSION = YES;
				CLANG_WARN_INT_CONVERSION = YES;
				CLANG_WARN_OBJC_ROOT_CLASS = YES_ERROR;
				CLANG_WARN_SUSPICIOUS_MOVE = YES;
				CLANG_WARN_SUSPICIOUS_MOVES = YES;
				CLANG_WARN_UNREACHABLE_CODE = YES;
				CLANG_WARN__DUPLICATE_METHOD_MATCH = YES;
				"CODE_SIGN_IDENTITY[sdk=iphoneos*]" = "iPhone Developer";
				COPY_PHASE_STRIP = NO;
				DEBUG_INFORMATION_FORMAT = dwarf;
				ENABLE_STRICT_OBJC_MSGSEND = YES;
				ENABLE_TESTABILITY = YES;
				GCC_C_LANGUAGE_STANDARD = gnu99;
				GCC_DYNAMIC_NO_PIC = NO;
				GCC_NO_COMMON_BLOCKS = YES;
				GCC_OPTIMIZATION_LEVEL = 0;
				GCC_PREPROCESSOR_DEFINITIONS = (
					"DEBUG=1",
					"$(inherited)",
				);
				GCC_WARN_64_TO_32_BIT_CONVERSION = YES;
				GCC_WARN_ABOUT_RETURN_TYPE = YES_ERROR;
				GCC_WARN_UNDECLARED_SELECTOR = YES;
				GCC_WARN_UNINITIALIZED_AUTOS = YES_AGGRESSIVE;
				GCC_WARN_UNUSED_FUNCTION = YES;
				GCC_WARN_UNUSED_VARIABLE = YES;
				IPHONEOS_DEPLOYMENT_TARGET = 10.0;
				MTL_ENABLE_DEBUG_INFO = YES;
				ONLY_ACTIVE_ARCH = YES;
				SDKROOT = iphoneos;
				SWIFT_ACTIVE_COMPILATION_CONDITIONS = DEBUG;
				SWIFT_OPTIMIZATION_LEVEL = "-Onone";
			};
			name = Debug;
		};
		655CB7B21D5740F9005E0B78 /* Release */ = {
			isa = XCBuildConfiguration;
			buildSettings = {
				ALWAYS_SEARCH_USER_PATHS = NO;
				CLANG_ANALYZER_NONNULL = YES;
				CLANG_CXX_LANGUAGE_STANDARD = "gnu++0x";
				CLANG_CXX_LIBRARY = "libc++";
				CLANG_ENABLE_MODULES = YES;
				CLANG_ENABLE_OBJC_ARC = YES;
				CLANG_WARN_BOOL_CONVERSION = YES;
				CLANG_WARN_CONSTANT_CONVERSION = YES;
				CLANG_WARN_DIRECT_OBJC_ISA_USAGE = YES_ERROR;
				CLANG_WARN_DOCUMENTATION_COMMENTS = YES;
				CLANG_WARN_EMPTY_BODY = YES;
				CLANG_WARN_ENUM_CONVERSION = YES;
				CLANG_WARN_INFINITE_RECURSION = YES;
				CLANG_WARN_INT_CONVERSION = YES;
				CLANG_WARN_OBJC_ROOT_CLASS = YES_ERROR;
				CLANG_WARN_SUSPICIOUS_MOVE = YES;
				CLANG_WARN_SUSPICIOUS_MOVES = YES;
				CLANG_WARN_UNREACHABLE_CODE = YES;
				CLANG_WARN__DUPLICATE_METHOD_MATCH = YES;
				"CODE_SIGN_IDENTITY[sdk=iphoneos*]" = "iPhone Developer";
				COPY_PHASE_STRIP = NO;
				DEBUG_INFORMATION_FORMAT = "dwarf-with-dsym";
				ENABLE_NS_ASSERTIONS = NO;
				ENABLE_STRICT_OBJC_MSGSEND = YES;
				GCC_C_LANGUAGE_STANDARD = gnu99;
				GCC_NO_COMMON_BLOCKS = YES;
				GCC_WARN_64_TO_32_BIT_CONVERSION = YES;
				GCC_WARN_ABOUT_RETURN_TYPE = YES_ERROR;
				GCC_WARN_UNDECLARED_SELECTOR = YES;
				GCC_WARN_UNINITIALIZED_AUTOS = YES_AGGRESSIVE;
				GCC_WARN_UNUSED_FUNCTION = YES;
				GCC_WARN_UNUSED_VARIABLE = YES;
				IPHONEOS_DEPLOYMENT_TARGET = 10.0;
				MTL_ENABLE_DEBUG_INFO = NO;
				SDKROOT = iphoneos;
				SWIFT_OPTIMIZATION_LEVEL = "-Owholemodule";
				VALIDATE_PRODUCT = YES;
			};
			name = Release;
		};
		655CB7B41D5740F9005E0B78 /* Debug */ = {
			isa = XCBuildConfiguration;
			baseConfigurationReference = 4525F2785758C7B96637FC2A /* Pods-SongDemon.debug.xcconfig */;
			buildSettings = {
				ALWAYS_EMBED_SWIFT_STANDARD_LIBRARIES = YES;
				ASSETCATALOG_COMPILER_APPICON_NAME = AppIcon;
				CODE_SIGN_ENTITLEMENTS = SongDemon/SongDemon.entitlements;
				DEVELOPMENT_TEAM = K9HP5J9XB3;
				INFOPLIST_FILE = SongDemon/Info.plist;
				IPHONEOS_DEPLOYMENT_TARGET = 10.0;
				LD_RUNPATH_SEARCH_PATHS = "$(inherited) @executable_path/Frameworks";
				PRODUCT_BUNDLE_IDENTIFIER = com.stingraydev.SongDemon;
				PRODUCT_NAME = "$(TARGET_NAME)";
				SWIFT_VERSION = 3.0;
			};
			name = Debug;
		};
		655CB7B51D5740F9005E0B78 /* Release */ = {
			isa = XCBuildConfiguration;
			baseConfigurationReference = 3AEFE761F2469AE01982CCA6 /* Pods-SongDemon.release.xcconfig */;
			buildSettings = {
				ALWAYS_EMBED_SWIFT_STANDARD_LIBRARIES = YES;
				ASSETCATALOG_COMPILER_APPICON_NAME = AppIcon;
				CODE_SIGN_ENTITLEMENTS = SongDemon/SongDemon.entitlements;
				DEVELOPMENT_TEAM = K9HP5J9XB3;
				INFOPLIST_FILE = SongDemon/Info.plist;
				IPHONEOS_DEPLOYMENT_TARGET = 10.0;
				LD_RUNPATH_SEARCH_PATHS = "$(inherited) @executable_path/Frameworks";
				PRODUCT_BUNDLE_IDENTIFIER = com.stingraydev.SongDemon;
				PRODUCT_NAME = "$(TARGET_NAME)";
				SWIFT_VERSION = 3.0;
			};
			name = Release;
		};
		655CB7B71D5740F9005E0B78 /* Debug */ = {
			isa = XCBuildConfiguration;
			buildSettings = {
				BUNDLE_LOADER = "$(TEST_HOST)";
				DEVELOPMENT_TEAM = K9HP5J9XB3;
				INFOPLIST_FILE = SongDemonTests/Info.plist;
				LD_RUNPATH_SEARCH_PATHS = "$(inherited) @executable_path/Frameworks @loader_path/Frameworks";
				PRODUCT_BUNDLE_IDENTIFIER = com.stingraydev.SongDemonTests;
				PRODUCT_NAME = "$(TARGET_NAME)";
				SWIFT_VERSION = 3.0;
				TEST_HOST = "$(BUILT_PRODUCTS_DIR)/SongDemon.app/SongDemon";
			};
			name = Debug;
		};
		655CB7B81D5740F9005E0B78 /* Release */ = {
			isa = XCBuildConfiguration;
			buildSettings = {
				BUNDLE_LOADER = "$(TEST_HOST)";
				DEVELOPMENT_TEAM = K9HP5J9XB3;
				INFOPLIST_FILE = SongDemonTests/Info.plist;
				LD_RUNPATH_SEARCH_PATHS = "$(inherited) @executable_path/Frameworks @loader_path/Frameworks";
				PRODUCT_BUNDLE_IDENTIFIER = com.stingraydev.SongDemonTests;
				PRODUCT_NAME = "$(TARGET_NAME)";
				SWIFT_VERSION = 3.0;
				TEST_HOST = "$(BUILT_PRODUCTS_DIR)/SongDemon.app/SongDemon";
			};
			name = Release;
		};
		655CB7BA1D5740F9005E0B78 /* Debug */ = {
			isa = XCBuildConfiguration;
			buildSettings = {
				DEVELOPMENT_TEAM = K9HP5J9XB3;
				INFOPLIST_FILE = SongDemonUITests/Info.plist;
				LD_RUNPATH_SEARCH_PATHS = "$(inherited) @executable_path/Frameworks @loader_path/Frameworks";
				PRODUCT_BUNDLE_IDENTIFIER = com.stingraydev.SongDemonUITests;
				PRODUCT_NAME = "$(TARGET_NAME)";
				SWIFT_VERSION = 3.0;
				TEST_TARGET_NAME = SongDemon;
			};
			name = Debug;
		};
		655CB7BB1D5740F9005E0B78 /* Release */ = {
			isa = XCBuildConfiguration;
			buildSettings = {
				DEVELOPMENT_TEAM = K9HP5J9XB3;
				INFOPLIST_FILE = SongDemonUITests/Info.plist;
				LD_RUNPATH_SEARCH_PATHS = "$(inherited) @executable_path/Frameworks @loader_path/Frameworks";
				PRODUCT_BUNDLE_IDENTIFIER = com.stingraydev.SongDemonUITests;
				PRODUCT_NAME = "$(TARGET_NAME)";
				SWIFT_VERSION = 3.0;
				TEST_TARGET_NAME = SongDemon;
			};
			name = Release;
		};
		6598C60A1D5EC12E00042FE6 /* Debug */ = {
			isa = XCBuildConfiguration;
			baseConfigurationReference = 42EBC2441EA489A78D2E69DA /* Pods-SongDemonChat.debug.xcconfig */;
			buildSettings = {
				ALWAYS_EMBED_SWIFT_STANDARD_LIBRARIES = YES;
				ASSETCATALOG_COMPILER_APPICON_NAME = "iMessage App Icon";
				CODE_SIGN_ENTITLEMENTS = SongDemonChat/SongDemonChat.entitlements;
				DEVELOPMENT_TEAM = K9HP5J9XB3;
				INFOPLIST_FILE = SongDemonChat/Info.plist;
				LD_RUNPATH_SEARCH_PATHS = "$(inherited) @executable_path/Frameworks @executable_path/../../Frameworks";
				PRODUCT_BUNDLE_IDENTIFIER = com.stingraydev.SongDemon.SongDemonChat;
				PRODUCT_NAME = "$(TARGET_NAME)";
				SKIP_INSTALL = YES;
				SWIFT_VERSION = 3.0;
			};
			name = Debug;
		};
		6598C60B1D5EC12E00042FE6 /* Release */ = {
			isa = XCBuildConfiguration;
			baseConfigurationReference = 886CF68705C607379F4BB417 /* Pods-SongDemonChat.release.xcconfig */;
			buildSettings = {
				ALWAYS_EMBED_SWIFT_STANDARD_LIBRARIES = YES;
				ASSETCATALOG_COMPILER_APPICON_NAME = "iMessage App Icon";
				CODE_SIGN_ENTITLEMENTS = SongDemonChat/SongDemonChat.entitlements;
				DEVELOPMENT_TEAM = K9HP5J9XB3;
				INFOPLIST_FILE = SongDemonChat/Info.plist;
				LD_RUNPATH_SEARCH_PATHS = "$(inherited) @executable_path/Frameworks @executable_path/../../Frameworks";
				PRODUCT_BUNDLE_IDENTIFIER = com.stingraydev.SongDemon.SongDemonChat;
				PRODUCT_NAME = "$(TARGET_NAME)";
				SKIP_INSTALL = YES;
				SWIFT_VERSION = 3.0;
			};
			name = Release;
		};
/* End XCBuildConfiguration section */

/* Begin XCConfigurationList section */
		655CB7861D5740F9005E0B78 /* Build configuration list for PBXProject "SongDemon" */ = {
			isa = XCConfigurationList;
			buildConfigurations = (
				655CB7B11D5740F9005E0B78 /* Debug */,
				655CB7B21D5740F9005E0B78 /* Release */,
			);
			defaultConfigurationIsVisible = 0;
			defaultConfigurationName = Release;
		};
		655CB7B31D5740F9005E0B78 /* Build configuration list for PBXNativeTarget "SongDemon" */ = {
			isa = XCConfigurationList;
			buildConfigurations = (
				655CB7B41D5740F9005E0B78 /* Debug */,
				655CB7B51D5740F9005E0B78 /* Release */,
			);
			defaultConfigurationIsVisible = 0;
			defaultConfigurationName = Release;
		};
		655CB7B61D5740F9005E0B78 /* Build configuration list for PBXNativeTarget "SongDemonTests" */ = {
			isa = XCConfigurationList;
			buildConfigurations = (
				655CB7B71D5740F9005E0B78 /* Debug */,
				655CB7B81D5740F9005E0B78 /* Release */,
			);
			defaultConfigurationIsVisible = 0;
			defaultConfigurationName = Release;
		};
		655CB7B91D5740F9005E0B78 /* Build configuration list for PBXNativeTarget "SongDemonUITests" */ = {
			isa = XCConfigurationList;
			buildConfigurations = (
				655CB7BA1D5740F9005E0B78 /* Debug */,
				655CB7BB1D5740F9005E0B78 /* Release */,
			);
			defaultConfigurationIsVisible = 0;
			defaultConfigurationName = Release;
		};
		6598C60C1D5EC12E00042FE6 /* Build configuration list for PBXNativeTarget "SongDemonChat" */ = {
			isa = XCConfigurationList;
			buildConfigurations = (
				6598C60A1D5EC12E00042FE6 /* Debug */,
				6598C60B1D5EC12E00042FE6 /* Release */,
			);
			defaultConfigurationIsVisible = 0;
			defaultConfigurationName = Release;
		};
/* End XCConfigurationList section */
	};
	rootObject = 655CB7831D5740F9005E0B78 /* Project object */;
}
